
Microsoft Visual Studio Solution File, Format Version 12.00
# Visual Studio Version 17
VisualStudioVersion = 17.6.33815.320
MinimumVisualStudioVersion = 10.0.40219.1
Project("{9A19103F-16F7-4668-BE54-9A1E7A4F7556}") = "SaleKiosk.WebAPI", "SaleKiosk.WebAPI\SaleKiosk.WebAPI.csproj", "{2EFE8E97-8ADF-472A-92F7-CC7A6E82CE18}"
EndProject
Project("{9A19103F-16F7-4668-BE54-9A1E7A4F7556}") = "SaleKiosk.Application", "SaleKiosk.Application\SaleKiosk.Application.csproj", "{96BDC9D7-5418-4EB0-9278-2B6FBD57A2E9}"
EndProject
Project("{9A19103F-16F7-4668-BE54-9A1E7A4F7556}") = "SaleKiosk.Domain", "SaleKiosk.Domain\SaleKiosk.Domain.csproj", "{4915B52A-1015-46EB-8B5A-23E3584B4BE1}"
EndProject
Project("{9A19103F-16F7-4668-BE54-9A1E7A4F7556}") = "SaleKiosk.Infrastructure", "SaleKiosk.Infrastructure\SaleKiosk.Infrastructure.csproj", "{73AA0E3E-B772-4A41-8746-A996A8F90E94}"
EndProject
Project("{FAE04EC0-301F-11D3-BF4B-00C04F79EFBC}") = "SaleKiosk.BlazorServer", "SaleKiosk.BlazorServer\SaleKiosk.BlazorServer.csproj", "{280C7CB0-229D-450A-B4B4-F5089CD98357}"
EndProject
Global
	GlobalSection(SolutionConfigurationPlatforms) = preSolution
		Debug|Any CPU = Debug|Any CPU
		Release|Any CPU = Release|Any CPU
	EndGlobalSection
	GlobalSection(ProjectConfigurationPlatforms) = postSolution
		{2EFE8E97-8ADF-472A-92F7-CC7A6E82CE18}.Debug|Any CPU.ActiveCfg = Debug|Any CPU
		{2EFE8E97-8ADF-472A-92F7-CC7A6E82CE18}.Debug|Any CPU.Build.0 = Debug|Any CPU
		{2EFE8E97-8ADF-472A-92F7-CC7A6E82CE18}.Release|Any CPU.ActiveCfg = Release|Any CPU
		{2EFE8E97-8ADF-472A-92F7-CC7A6E82CE18}.Release|Any CPU.Build.0 = Release|Any CPU
		{96BDC9D7-5418-4EB0-9278-2B6FBD57A2E9}.Debug|Any CPU.ActiveCfg = Debug|Any CPU
		{96BDC9D7-5418-4EB0-9278-2B6FBD57A2E9}.Debug|Any CPU.Build.0 = Debug|Any CPU
		{96BDC9D7-5418-4EB0-9278-2B6FBD57A2E9}.Release|Any CPU.ActiveCfg = Release|Any CPU
		{96BDC9D7-5418-4EB0-9278-2B6FBD57A2E9}.Release|Any CPU.Build.0 = Release|Any CPU
		{4915B52A-1015-46EB-8B5A-23E3584B4BE1}.Debug|Any CPU.ActiveCfg = Debug|Any CPU
		{4915B52A-1015-46EB-8B5A-23E3584B4BE1}.Debug|Any CPU.Build.0 = Debug|Any CPU
		{4915B52A-1015-46EB-8B5A-23E3584B4BE1}.Release|Any CPU.ActiveCfg = Release|Any CPU
		{4915B52A-1015-46EB-8B5A-23E3584B4BE1}.Release|Any CPU.Build.0 = Release|Any CPU
		{73AA0E3E-B772-4A41-8746-A996A8F90E94}.Debug|Any CPU.ActiveCfg = Debug|Any CPU
		{73AA0E3E-B772-4A41-8746-A996A8F90E94}.Debug|Any CPU.Build.0 = Debug|Any CPU
		{73AA0E3E-B772-4A41-8746-A996A8F90E94}.Release|Any CPU.ActiveCfg = Release|Any CPU
		{73AA0E3E-B772-4A41-8746-A996A8F90E94}.Release|Any CPU.Build.0 = Release|Any CPU
		{280C7CB0-229D-450A-B4B4-F5089CD98357}.Debug|Any CPU.ActiveCfg = Debug|Any CPU
		{280C7CB0-229D-450A-B4B4-F5089CD98357}.Debug|Any CPU.Build.0 = Debug|Any CPU
		{280C7CB0-229D-450A-B4B4-F5089CD98357}.Release|Any CPU.ActiveCfg = Release|Any CPU
		{280C7CB0-229D-450A-B4B4-F5089CD98357}.Release|Any CPU.Build.0 = Release|Any CPU
	EndGlobalSection
	GlobalSection(SolutionProperties) = preSolution
		HideSolutionNode = FALSE
	EndGlobalSection
	GlobalSection(ExtensibilityGlobals) = postSolution
		SolutionGuid = {C1457770-F8C1-4272-92EC-336592C51158}
	EndGlobalSection
EndGlobal
